
Microsoft Visual Studio Solution File, Format Version 12.00
# Visual Studio 2012
Project("{FAE04EC0-301F-11D3-BF4B-00C04F79EFBC}") = "ngenutil", "ngenutil\ngenutil.csproj", "{D9518038-F86B-4D3C-8B08-C53440F2606D}"
EndProject
Global
	GlobalSection(SolutionConfigurationPlatforms) = preSolution
		Debug|Any CPU = Debug|Any CPU
		Release|Any CPU = Release|Any CPU
	EndGlobalSection
	GlobalSection(ProjectConfigurationPlatforms) = postSolution
		{D9518038-F86B-4D3C-8B08-C53440F2606D}.Debug|Any CPU.ActiveCfg = Debug|Any CPU
		{D9518038-F86B-4D3C-8B08-C53440F2606D}.Debug|Any CPU.Build.0 = Debug|Any CPU
		{D9518038-F86B-4D3C-8B08-C53440F2606D}.Release|Any CPU.ActiveCfg = Release|Any CPU
		{D9518038-F86B-4D3C-8B08-C53440F2606D}.Release|Any CPU.Build.0 = Release|Any CPU
	EndGlobalSection
	GlobalSection(SolutionProperties) = preSolution
		HideSolutionNode = FALSE
	EndGlobalSection
EndGlobal
